// !$*UTF8*$!
{
	archiveVersion = 1;
	classes = {
	};
	objectVersion = 55;
	objects = {

/* Begin PBXBuildFile section */
		C452790427CA9AC90046BC23 /* Profile.storyboard in Resources */ = {isa = PBXBuildFile; fileRef = C452790327CA9AC90046BC23 /* Profile.storyboard */; };
		C452790627CA9AFA0046BC23 /* ProfileViewController.swift in Sources */ = {isa = PBXBuildFile; fileRef = C452790527CA9AFA0046BC23 /* ProfileViewController.swift */; };
		C461BD9A27BBA2B800ED6295 /* AppDelegate.swift in Sources */ = {isa = PBXBuildFile; fileRef = C461BD9927BBA2B800ED6295 /* AppDelegate.swift */; };
		C461BD9C27BBA2B800ED6295 /* SceneDelegate.swift in Sources */ = {isa = PBXBuildFile; fileRef = C461BD9B27BBA2B800ED6295 /* SceneDelegate.swift */; };
		C461BD9E27BBA2B800ED6295 /* ViewController.swift in Sources */ = {isa = PBXBuildFile; fileRef = C461BD9D27BBA2B800ED6295 /* ViewController.swift */; };
		C461BDA127BBA2B800ED6295 /* Main.storyboard in Resources */ = {isa = PBXBuildFile; fileRef = C461BD9F27BBA2B800ED6295 /* Main.storyboard */; };
		C461BDA327BBA2BA00ED6295 /* Assets.xcassets in Resources */ = {isa = PBXBuildFile; fileRef = C461BDA227BBA2BA00ED6295 /* Assets.xcassets */; };
		C461BDA627BBA2BA00ED6295 /* LaunchScreen.storyboard in Resources */ = {isa = PBXBuildFile; fileRef = C461BDA427BBA2BA00ED6295 /* LaunchScreen.storyboard */; };
		C461BDAE27BBA4E700ED6295 /* ProfileView.xib in Resources */ = {isa = PBXBuildFile; fileRef = C461BDAD27BBA4E700ED6295 /* ProfileView.xib */; };
		C461BDB027BBA50900ED6295 /* ProfileView.swift in Sources */ = {isa = PBXBuildFile; fileRef = C461BDAF27BBA50900ED6295 /* ProfileView.swift */; };
/* End PBXBuildFile section */

/* Begin PBXFileReference section */
		C452790327CA9AC90046BC23 /* Profile.storyboard */ = {isa = PBXFileReference; lastKnownFileType = file.storyboard; path = Profile.storyboard; sourceTree = "<group>"; };
		C452790527CA9AFA0046BC23 /* ProfileViewController.swift */ = {isa = PBXFileReference; lastKnownFileType = sourcecode.swift; path = ProfileViewController.swift; sourceTree = "<group>"; };
		C461BD9627BBA2B800ED6295 /* Netology_IB_Instruments2.app */ = {isa = PBXFileReference; explicitFileType = wrapper.application; includeInIndex = 0; path = Netology_IB_Instruments2.app; sourceTree = BUILT_PRODUCTS_DIR; };
		C461BD9927BBA2B800ED6295 /* AppDelegate.swift */ = {isa = PBXFileReference; lastKnownFileType = sourcecode.swift; path = AppDelegate.swift; sourceTree = "<group>"; };
		C461BD9B27BBA2B800ED6295 /* SceneDelegate.swift */ = {isa = PBXFileReference; lastKnownFileType = sourcecode.swift; path = SceneDelegate.swift; sourceTree = "<group>"; };
		C461BD9D27BBA2B800ED6295 /* ViewController.swift */ = {isa = PBXFileReference; lastKnownFileType = sourcecode.swift; path = ViewController.swift; sourceTree = "<group>"; };
		C461BDA027BBA2B800ED6295 /* Base */ = {isa = PBXFileReference; lastKnownFileType = file.storyboard; name = Base; path = Base.lproj/Main.storyboard; sourceTree = "<group>"; };
		C461BDA227BBA2BA00ED6295 /* Assets.xcassets */ = {isa = PBXFileReference; lastKnownFileType = folder.assetcatalog; path = Assets.xcassets; sourceTree = "<group>"; };
		C461BDA527BBA2BA00ED6295 /* Base */ = {isa = PBXFileReference; lastKnownFileType = file.storyboard; name = Base; path = Base.lproj/LaunchScreen.storyboard; sourceTree = "<group>"; };
		C461BDA727BBA2BA00ED6295 /* Info.plist */ = {isa = PBXFileReference; lastKnownFileType = text.plist.xml; path = Info.plist; sourceTree = "<group>"; };
		C461BDAD27BBA4E700ED6295 /* ProfileView.xib */ = {isa = PBXFileReference; lastKnownFileType = file.xib; path = ProfileView.xib; sourceTree = "<group>"; };
		C461BDAF27BBA50900ED6295 /* ProfileView.swift */ = {isa = PBXFileReference; lastKnownFileType = sourcecode.swift; path = ProfileView.swift; sourceTree = "<group>"; };
/* End PBXFileReference section */

/* Begin PBXFrameworksBuildPhase section */
		C461BD9327BBA2B800ED6295 /* Frameworks */ = {
			isa = PBXFrameworksBuildPhase;
			buildActionMask = 2147483647;
			files = (
			);
			runOnlyForDeploymentPostprocessing = 0;
		};
/* End PBXFrameworksBuildPhase section */

/* Begin PBXGroup section */
		C461BD8D27BBA2B800ED6295 = {
			isa = PBXGroup;
			children = (
				C461BD9827BBA2B800ED6295 /* Netology_IB_Instruments2 */,
				C461BD9727BBA2B800ED6295 /* Products */,
			);
			sourceTree = "<group>";
		};
		C461BD9727BBA2B800ED6295 /* Products */ = {
			isa = PBXGroup;
			children = (
				C461BD9627BBA2B800ED6295 /* Netology_IB_Instruments2.app */,
			);
			name = Products;
			sourceTree = "<group>";
		};
		C461BD9827BBA2B800ED6295 /* Netology_IB_Instruments2 */ = {
			isa = PBXGroup;
			children = (
				C461BD9927BBA2B800ED6295 /* AppDelegate.swift */,
				C461BD9B27BBA2B800ED6295 /* SceneDelegate.swift */,
				C461BD9D27BBA2B800ED6295 /* ViewController.swift */,
				C461BD9F27BBA2B800ED6295 /* Main.storyboard */,
				C461BDAD27BBA4E700ED6295 /* ProfileView.xib */,
				C452790327CA9AC90046BC23 /* Profile.storyboard */,
				C452790527CA9AFA0046BC23 /* ProfileViewController.swift */,
				C461BDAF27BBA50900ED6295 /* ProfileView.swift */,
				C461BDA227BBA2BA00ED6295 /* Assets.xcassets */,
				C461BDA427BBA2BA00ED6295 /* LaunchScreen.storyboard */,
				C461BDA727BBA2BA00ED6295 /* Info.plist */,
			);
			path = Netology_IB_Instruments2;
			sourceTree = "<group>";
		};
/* End PBXGroup section */

/* Begin PBXNativeTarget section */
		C461BD9527BBA2B800ED6295 /* Netology_IB_Instruments2 */ = {
			isa = PBXNativeTarget;
			buildConfigurationList = C461BDAA27BBA2BA00ED6295 /* Build configuration list for PBXNativeTarget "Netology_IB_Instruments2" */;
			buildPhases = (
				C461BD9227BBA2B800ED6295 /* Sources */,
				C461BD9327BBA2B800ED6295 /* Frameworks */,
				C461BD9427BBA2B800ED6295 /* Resources */,
			);
			buildRules = (
			);
			dependencies = (
			);
			name = Netology_IB_Instruments2;
			productName = Netology_IB_Instruments2;
			productReference = C461BD9627BBA2B800ED6295 /* Netology_IB_Instruments2.app */;
			productType = "com.apple.product-type.application";
		};
/* End PBXNativeTarget section */

/* Begin PBXProject section */
		C461BD8E27BBA2B800ED6295 /* Project object */ = {
			isa = PBXProject;
			attributes = {
				BuildIndependentTargetsInParallel = 1;
				LastSwiftUpdateCheck = 1310;
				LastUpgradeCheck = 1310;
				TargetAttributes = {
					C461BD9527BBA2B800ED6295 = {
						CreatedOnToolsVersion = 13.1;
					};
				};
			};
			buildConfigurationList = C461BD9127BBA2B800ED6295 /* Build configuration list for PBXProject "Netology_IB_Instruments2" */;
			compatibilityVersion = "Xcode 13.0";
			developmentRegion = en;
			hasScannedForEncodings = 0;
			knownRegions = (
				en,
				Base,
			);
			mainGroup = C461BD8D27BBA2B800ED6295;
			productRefGroup = C461BD9727BBA2B800ED6295 /* Products */;
			projectDirPath = "";
			projectRoot = "";
			targets = (
				C461BD9527BBA2B800ED6295 /* Netology_IB_Instruments2 */,
			);
		};
/* End PBXProject section */

/* Begin PBXResourcesBuildPhase section */
		C461BD9427BBA2B800ED6295 /* Resources */ = {
			isa = PBXResourcesBuildPhase;
			buildActionMask = 2147483647;
			files = (
				C461BDAE27BBA4E700ED6295 /* ProfileView.xib in Resources */,
				C461BDA627BBA2BA00ED6295 /* LaunchScreen.storyboard in Resources */,
				C452790427CA9AC90046BC23 /* Profile.storyboard in Resources */,
				C461BDA327BBA2BA00ED6295 /* Assets.xcassets in Resources */,
				C461BDA127BBA2B800ED6295 /* Main.storyboard in Resources */,
			);
			runOnlyForDeploymentPostprocessing = 0;
		};
/* End PBXResourcesBuildPhase section */

/* Begin PBXSourcesBuildPhase section */
		C461BD9227BBA2B800ED6295 /* Sources */ = {
			isa = PBXSourcesBuildPhase;
			buildActionMask = 2147483647;
			files = (
				C461BDB027BBA50900ED6295 /* ProfileView.swift in Sources */,
				C461BD9E27BBA2B800ED6295 /* ViewController.swift in Sources */,
				C452790627CA9AFA0046BC23 /* ProfileViewController.swift in Sources */,
				C461BD9A27BBA2B800ED6295 /* AppDelegate.swift in Sources */,
				C461BD9C27BBA2B800ED6295 /* SceneDelegate.swift in Sources */,
			);
			runOnlyForDeploymentPostprocessing = 0;
		};
/* End PBXSourcesBuildPhase section */

/* Begin PBXVariantGroup section */
		C461BD9F27BBA2B800ED6295 /* Main.storyboard */ = {
			isa = PBXVariantGroup;
			children = (
				C461BDA027BBA2B800ED6295 /* Base */,
			);
			name = Main.storyboard;
			sourceTree = "<group>";
		};
		C461BDA427BBA2BA00ED6295 /* LaunchScreen.storyboard */ = {
			isa = PBXVariantGroup;
			children = (
				C461BDA527BBA2BA00ED6295 /* Base */,
			);
			name = LaunchScreen.storyboard;
			sourceTree = "<group>";
		};
/* End PBXVariantGroup section */

/* Begin XCBuildConfiguration section */
		C461BDA827BBA2BA00ED6295 /* Debug */ = {
			isa = XCBuildConfiguration;
			buildSettings = {
				ALWAYS_SEARCH_USER_PATHS = NO;
				CLANG_ANALYZER_NONNULL = YES;
				CLANG_ANALYZER_NUMBER_OBJECT_CONVERSION = YES_AGGRESSIVE;
				CLANG_CXX_LANGUAGE_STANDARD = "gnu++17";
				CLANG_CXX_LIBRARY = "libc++";
				CLANG_ENABLE_MODULES = YES;
				CLANG_ENABLE_OBJC_ARC = YES;
				CLANG_ENABLE_OBJC_WEAK = YES;
				CLANG_WARN_BLOCK_CAPTURE_AUTORELEASING = YES;
				CLANG_WARN_BOOL_CONVERSION = YES;
				CLANG_WARN_COMMA = YES;
				CLANG_WARN_CONSTANT_CONVERSION = YES;
				CLANG_WARN_DEPRECATED_OBJC_IMPLEMENTATIONS = YES;
				CLANG_WARN_DIRECT_OBJC_ISA_USAGE = YES_ERROR;
				CLANG_WARN_DOCUMENTATION_COMMENTS = YES;
				CLANG_WARN_EMPTY_BODY = YES;
				CLANG_WARN_ENUM_CONVERSION = YES;
				CLANG_WARN_INFINITE_RECURSION = YES;
				CLANG_WARN_INT_CONVERSION = YES;
				CLANG_WARN_NON_LITERAL_NULL_CONVERSION = YES;
				CLANG_WARN_OBJC_IMPLICIT_RETAIN_SELF = YES;
				CLANG_WARN_OBJC_LITERAL_CONVERSION = YES;
				CLANG_WARN_OBJC_ROOT_CLASS = YES_ERROR;
				CLANG_WARN_QUOTED_INCLUDE_IN_FRAMEWORK_HEADER = YES;
				CLANG_WARN_RANGE_LOOP_ANALYSIS = YES;
				CLANG_WARN_STRICT_PROTOTYPES = YES;
				CLANG_WARN_SUSPICIOUS_MOVE = YES;
				CLANG_WARN_UNGUARDED_AVAILABILITY = YES_AGGRESSIVE;
				CLANG_WARN_UNREACHABLE_CODE = YES;
				CLANG_WARN__DUPLICATE_METHOD_MATCH = YES;
				COPY_PHASE_STRIP = NO;
				DEBUG_INFORMATION_FORMAT = dwarf;
				ENABLE_STRICT_OBJC_MSGSEND = YES;
				ENABLE_TESTABILITY = YES;
				GCC_C_LANGUAGE_STANDARD = gnu11;
				GCC_DYNAMIC_NO_PIC = NO;
				GCC_NO_COMMON_BLOCKS = YES;
				GCC_OPTIMIZATION_LEVEL = 0;
				GCC_PREPROCESSOR_DEFINITIONS = (
					"DEBUG=1",
					"$(inherited)",
				);
				GCC_WARN_64_TO_32_BIT_CONVERSION = YES;
				GCC_WARN_ABOUT_RETURN_TYPE = YES_ERROR;
				GCC_WARN_UNDECLARED_SELECTOR = YES;
				GCC_WARN_UNINITIALIZED_AUTOS = YES_AGGRESSIVE;
				GCC_WARN_UNUSED_FUNCTION = YES;
				GCC_WARN_UNUSED_VARIABLE = YES;
				IPHONEOS_DEPLOYMENT_TARGET = 15.0;
				MTL_ENABLE_DEBUG_INFO = INCLUDE_SOURCE;
				MTL_FAST_MATH = YES;
				ONLY_ACTIVE_ARCH = YES;
				SDKROOT = iphoneos;
				SWIFT_ACTIVE_COMPILATION_CONDITIONS = DEBUG;
				SWIFT_OPTIMIZATION_LEVEL = "-Onone";
			};
			name = Debug;
		};
		C461BDA927BBA2BA00ED6295 /* Release */ = {
			isa = XCBuildConfiguration;
			buildSettings = {
				ALWAYS_SEARCH_USER_PATHS = NO;
				CLANG_ANALYZER_NONNULL = YES;
				CLANG_ANALYZER_NUMBER_OBJECT_CONVERSION = YES_AGGRESSIVE;
				CLANG_CXX_LANGUAGE_STANDARD = "gnu++17";
				CLANG_CXX_LIBRARY = "libc++";
				CLANG_ENABLE_MODULES = YES;
				CLANG_ENABLE_OBJC_ARC = YES;
				CLANG_ENABLE_OBJC_WEAK = YES;
				CLANG_WARN_BLOCK_CAPTURE_AUTORELEASING = YES;
				CLANG_WARN_BOOL_CONVERSION = YES;
				CLANG_WARN_COMMA = YES;
				CLANG_WARN_CONSTANT_CONVERSION = YES;
				CLANG_WARN_DEPRECATED_OBJC_IMPLEMENTATIONS = YES;
				CLANG_WARN_DIRECT_OBJC_ISA_USAGE = YES_ERROR;
				CLANG_WARN_DOCUMENTATION_COMMENTS = YES;
				CLANG_WARN_EMPTY_BODY = YES;
				CLANG_WARN_ENUM_CONVERSION = YES;
				CLANG_WARN_INFINITE_RECURSION = YES;
				CLANG_WARN_INT_CONVERSION = YES;
				CLANG_WARN_NON_LITERAL_NULL_CONVERSION = YES;
				CLANG_WARN_OBJC_IMPLICIT_RETAIN_SELF = YES;
				CLANG_WARN_OBJC_LITERAL_CONVERSION = YES;
				CLANG_WARN_OBJC_ROOT_CLASS = YES_ERROR;
				CLANG_WARN_QUOTED_INCLUDE_IN_FRAMEWORK_HEADER = YES;
				CLANG_WARN_RANGE_LOOP_ANALYSIS = YES;
				CLANG_WARN_STRICT_PROTOTYPES = YES;
				CLANG_WARN_SUSPICIOUS_MOVE = YES;
				CLANG_WARN_UNGUARDED_AVAILABILITY = YES_AGGRESSIVE;
				CLANG_WARN_UNREACHABLE_CODE = YES;
				CLANG_WARN__DUPLICATE_METHOD_MATCH = YES;
				COPY_PHASE_STRIP = NO;
				DEBUG_INFORMATION_FORMAT = "dwarf-with-dsym";
				ENABLE_NS_ASSERTIONS = NO;
				ENABLE_STRICT_OBJC_MSGSEND = YES;
				GCC_C_LANGUAGE_STANDARD = gnu11;
				GCC_NO_COMMON_BLOCKS = YES;
				GCC_WARN_64_TO_32_BIT_CONVERSION = YES;
				GCC_WARN_ABOUT_RETURN_TYPE = YES_ERROR;
				GCC_WARN_UNDECLARED_SELECTOR = YES;
				GCC_WARN_UNINITIALIZED_AUTOS = YES_AGGRESSIVE;
				GCC_WARN_UNUSED_FUNCTION = YES;
				GCC_WARN_UNUSED_VARIABLE = YES;
				IPHONEOS_DEPLOYMENT_TARGET = 15.0;
				MTL_ENABLE_DEBUG_INFO = NO;
				MTL_FAST_MATH = YES;
				SDKROOT = iphoneos;
				SWIFT_COMPILATION_MODE = wholemodule;
				SWIFT_OPTIMIZATION_LEVEL = "-O";
				VALIDATE_PRODUCT = YES;
			};
			name = Release;
		};
		C461BDAB27BBA2BA00ED6295 /* Debug */ = {
			isa = XCBuildConfiguration;
			buildSettings = {
				ASSETCATALOG_COMPILER_APPICON_NAME = AppIcon;
				ASSETCATALOG_COMPILER_GLOBAL_ACCENT_COLOR_NAME = AccentColor;
				CODE_SIGN_IDENTITY = "Apple Development";
				CODE_SIGN_STYLE = Automatic;
				CURRENT_PROJECT_VERSION = 1;
				DEVELOPMENT_TEAM = "";
				GENERATE_INFOPLIST_FILE = YES;
				INFOPLIST_FILE = Netology_IB_Instruments2/Info.plist;
				INFOPLIST_KEY_UIApplicationSupportsIndirectInputEvents = YES;
				INFOPLIST_KEY_UILaunchStoryboardName = LaunchScreen;
				INFOPLIST_KEY_UIMainStoryboardFile = Profile;
				INFOPLIST_KEY_UISupportedInterfaceOrientations_iPad = "UIInterfaceOrientationPortrait UIInterfaceOrientationPortraitUpsideDown UIInterfaceOrientationLandscapeLeft UIInterfaceOrientationLandscapeRight";
				INFOPLIST_KEY_UISupportedInterfaceOrientations_iPhone = "UIInterfaceOrientationPortrait UIInterfaceOrientationLandscapeLeft UIInterfaceOrientationLandscapeRight";
				LD_RUNPATH_SEARCH_PATHS = (
					"$(inherited)",
					"@executable_path/Frameworks",
				);
				MARKETING_VERSION = 1.0;
				PRODUCT_BUNDLE_IDENTIFIER = "netology.Netology-IB-Instruments2";
				PRODUCT_NAME = "$(TARGET_NAME)";
				PROVISIONING_PROFILE_SPECIFIER = "";
				SWIFT_EMIT_LOC_STRINGS = YES;
				SWIFT_VERSION = 5.0;
				TARGETED_DEVICE_FAMILY = 1;
			};
			name = Debug;
		};
		C461BDAC27BBA2BA00ED6295 /* Release */ = {
			isa = XCBuildConfiguration;
			buildSettings = {
				ASSETCATALOG_COMPILER_APPICON_NAME = AppIcon;
				ASSETCATALOG_COMPILER_GLOBAL_ACCENT_COLOR_NAME = AccentColor;
				CODE_SIGN_IDENTITY = "Apple Development";
				CODE_SIGN_STYLE = Automatic;
				CURRENT_PROJECT_VERSION = 1;
				DEVELOPMENT_TEAM = "";
				GENERATE_INFOPLIST_FILE = YES;
				INFOPLIST_FILE = Netology_IB_Instruments2/Info.plist;
				INFOPLIST_KEY_UIApplicationSupportsIndirectInputEvents = YES;
				INFOPLIST_KEY_UILaunchStoryboardName = LaunchScreen;
				INFOPLIST_KEY_UIMainStoryboardFile = Profile;
				INFOPLIST_KEY_UISupportedInterfaceOrientations_iPad = "UIInterfaceOrientationPortrait UIInterfaceOrientationPortraitUpsideDown UIInterfaceOrientationLandscapeLeft UIInterfaceOrientationLandscapeRight";
				INFOPLIST_KEY_UISupportedInterfaceOrientations_iPhone = "UIInterfaceOrientationPortrait UIInterfaceOrientationLandscapeLeft UIInterfaceOrientationLandscapeRight";
				LD_RUNPATH_SEARCH_PATHS = (
					"$(inherited)",
					"@executable_path/Frameworks",
				);
				MARKETING_VERSION = 1.0;
				PRODUCT_BUNDLE_IDENTIFIER = "netology.Netology-IB-Instruments2";
				PRODUCT_NAME = "$(TARGET_NAME)";
				PROVISIONING_PROFILE_SPECIFIER = "";
				SWIFT_EMIT_LOC_STRINGS = YES;
				SWIFT_VERSION = 5.0;
				TARGETED_DEVICE_FAMILY = 1;
			};
			name = Release;
		};
/* End XCBuildConfiguration section */

/* Begin XCConfigurationList section */
		C461BD9127BBA2B800ED6295 /* Build configuration list for PBXProject "Netology_IB_Instruments2" */ = {
			isa = XCConfigurationList;
			buildConfigurations = (
				C461BDA827BBA2BA00ED6295 /* Debug */,
				C461BDA927BBA2BA00ED6295 /* Release */,
			);
			defaultConfigurationIsVisible = 0;
			defaultConfigurationName = Release;
		};
		C461BDAA27BBA2BA00ED6295 /* Build configuration list for PBXNativeTarget "Netology_IB_Instruments2" */ = {
			isa = XCConfigurationList;
			buildConfigurations = (
				C461BDAB27BBA2BA00ED6295 /* Debug */,
				C461BDAC27BBA2BA00ED6295 /* Release */,
			);
			defaultConfigurationIsVisible = 0;
			defaultConfigurationName = Release;
		};
/* End XCConfigurationList section */
	};
	rootObject = C461BD8E27BBA2B800ED6295 /* Project object */;
}
